{
  "version": 4,
  "terraform_version": "1.14.3",
  "serial": 62,
  "lineage": "ec5d5a5b-215f-84c3-5658-413159b34b7b",
  "outputs": {
    "api_endpoint": {
      "value": "https://8lpej0ttf1.execute-api.ap-northeast-2.amazonaws.com",
      "type": "string"
    },
    "db_endpoint": {
      "value": "terraform-20260120091745482000000001.cjmucplwks6l.ap-northeast-2.rds.amazonaws.com:5432",
      "type": "string"
    },
    "ssh_command": {
      "value": "ssh -i modules/compute/cine-catch-key.pem ec2-user@3.34.252.221",
      "type": "string"
    },
    "ssh_private_key_path": {
      "value": "modules/compute/cine-catch-key.pem",
      "type": "string"
    },
    "vpc_id": {
      "value": "vpc-0e2330811ddc5348e",
      "type": "string"
    },
    "web_server_ip": {
      "value": "3.34.252.221",
      "type": "string"
    }
  },
  "resources": [
    {
      "module": "module.compute",
      "mode": "data",
      "type": "aws_ami",
      "name": "amazon_linux",
      "provider": "provider[\"registry.terraform.io/hashicorp/aws\"]",
      "instances": [
        {
          "schema_version": 0,
          "attributes": {
            "architecture": "x86_64",
            "arn": "arn:aws:ec2:ap-northeast-2::image/ami-0092e0c93f74c293a",
            "block_device_mappings": [
              {
                "device_name": "/dev/xvda",
                "ebs": {
                  "delete_on_termination": "true",
                  "encrypted": "false",
                  "iops": "3000",
                  "snapshot_id": "snap-0478087762446a4bb",
                  "throughput": "125",
                  "volume_initialization_rate": "0",
                  "volume_size": "8",
                  "volume_type": "gp3"
                },
                "no_device": "",
                "virtual_name": ""
              }
            ],
            "boot_mode": "uefi-preferred",
            "creation_date": "2026-01-22T17:35:53.000Z",
            "deprecation_time": "2026-04-22T17:41:00.000Z",
            "description": "Amazon Linux 2023 AMI 2023.10.20260120.4 x86_64 HVM kernel-6.1",
            "ena_support": true,
            "executable_users": null,
            "filter": [
              {
                "name": "name",
                "values": [
                  "al2023-ami-2023*-x86_64"
                ]
              }
            ],
            "hypervisor": "xen",
            "id": "ami-0092e0c93f74c293a",
            "image_id": "ami-0092e0c93f74c293a",
            "image_location": "amazon/al2023-ami-2023.10.20260120.4-kernel-6.1-x86_64",
            "image_owner_alias": "amazon",
            "image_type": "machine",
            "imds_support": "v2.0",
            "include_deprecated": false,
            "kernel_id": "",
            "last_launched_time": "",
            "most_recent": true,
            "name": "al2023-ami-2023.10.20260120.4-kernel-6.1-x86_64",
            "name_regex": null,
            "owner_id": "137112412989",
            "owners": [
              "amazon"
            ],
            "platform": "",
            "platform_details": "Linux/UNIX",
            "product_codes": [],
            "public": true,
            "ramdisk_id": "",
            "root_device_name": "/dev/xvda",
            "root_device_type": "ebs",
            "root_snapshot_id": "snap-0478087762446a4bb",
            "sriov_net_support": "simple",
            "state": "available",
            "state_reason": {
              "code": "UNSET",
              "message": "UNSET"
            },
            "tags": {},
            "timeouts": null,
            "tpm_support": "",
            "uefi_data": null,
            "usage_operation": "RunInstances",
            "virtualization_type": "hvm"
          },
          "sensitive_attributes": [],
          "identity_schema_version": 0
        }
      ]
    },
    {
      "module": "module.compute",
      "mode": "managed",
      "type": "aws_iam_instance_profile",
      "name": "ec2_profile",
      "provider": "provider[\"registry.terraform.io/hashicorp/aws\"]",
      "instances": [
        {
          "schema_version": 0,
          "attributes": {
            "arn": "arn:aws:iam::633309913072:instance-profile/cine-catch-ec2-profile",
            "create_date": "2026-01-28T05:41:21Z",
            "id": "cine-catch-ec2-profile",
            "name": "cine-catch-ec2-profile",
            "name_prefix": "",
            "path": "/",
            "role": "cine-catch-ec2-role",
            "tags": {},
            "tags_all": {},
            "unique_id": "AIPAZG5BWL7YF65XZDRPV"
          },
          "sensitive_attributes": [],
          "identity_schema_version": 0,
          "private": "bnVsbA==",
          "dependencies": [
            "module.compute.aws_iam_role.ec2_role"
          ]
        }
      ]
    },
    {
      "module": "module.compute",
      "mode": "managed",
      "type": "aws_iam_role",
      "name": "ec2_role",
      "provider": "provider[\"registry.terraform.io/hashicorp/aws\"]",
      "instances": [
        {
          "schema_version": 0,
          "attributes": {
            "arn": "arn:aws:iam::633309913072:role/cine-catch-ec2-role",
            "assume_role_policy": "{\"Statement\":[{\"Action\":\"sts:AssumeRole\",\"Effect\":\"Allow\",\"Principal\":{\"Service\":\"ec2.amazonaws.com\"}}],\"Version\":\"2012-10-17\"}",
            "create_date": "2026-01-28T05:41:20Z",
            "description": "",
            "force_detach_policies": false,
            "id": "cine-catch-ec2-role",
            "inline_policy": [
              {
                "name": "s3-deploy-access",
                "policy": "{\"Version\":\"2012-10-17\",\"Statement\":[{\"Action\":[\"s3:GetObject\",\"s3:ListBucket\"],\"Effect\":\"Allow\",\"Resource\":[\"arn:aws:s3:::cine-catch-deploy\",\"arn:aws:s3:::cine-catch-deploy/*\"]}]}"
              }
            ],
            "managed_policy_arns": [],
            "max_session_duration": 3600,
            "name": "cine-catch-ec2-role",
            "name_prefix": "",
            "path": "/",
            "permissions_boundary": "",
            "tags": {},
            "tags_all": {},
            "unique_id": "AROAZG5BWL7YDA2PWYWNO"
          },
          "sensitive_attributes": [],
          "identity_schema_version": 0,
          "private": "bnVsbA=="
        }
      ]
    },
    {
      "module": "module.compute",
      "mode": "managed",
      "type": "aws_iam_role_policy",
      "name": "s3_access",
      "provider": "provider[\"registry.terraform.io/hashicorp/aws\"]",
      "instances": [
        {
          "schema_version": 0,
          "attributes": {
            "id": "cine-catch-ec2-role:s3-deploy-access",
            "name": "s3-deploy-access",
            "name_prefix": "",
            "policy": "{\"Version\":\"2012-10-17\",\"Statement\":[{\"Action\":[\"s3:GetObject\",\"s3:ListBucket\"],\"Effect\":\"Allow\",\"Resource\":[\"arn:aws:s3:::cine-catch-deploy\",\"arn:aws:s3:::cine-catch-deploy/*\"]}]}",
            "role": "cine-catch-ec2-role"
          },
          "sensitive_attributes": [],
          "identity_schema_version": 0,
          "private": "bnVsbA==",
          "dependencies": [
            "module.compute.aws_iam_role.ec2_role"
          ]
        }
      ]
    },
    {
      "module": "module.compute",
      "mode": "managed",
      "type": "aws_instance",
      "name": "app_server",
      "provider": "provider[\"registry.terraform.io/hashicorp/aws\"]",
      "instances": [
        {
          "schema_version": 1,
          "attributes": {
            "ami": "ami-0092e0c93f74c293a",
            "arn": "arn:aws:ec2:ap-northeast-2:633309913072:instance/i-0a56f3a3990b89127",
            "associate_public_ip_address": true,
            "availability_zone": "ap-northeast-2a",
            "capacity_reservation_specification": [
              {
                "capacity_reservation_preference": "open",
                "capacity_reservation_target": []
              }
            ],
            "cpu_core_count": 1,
            "cpu_options": [
              {
                "amd_sev_snp": "",
                "core_count": 1,
                "threads_per_core": 2
              }
            ],
            "cpu_threads_per_core": 2,
            "credit_specification": [
              {
                "cpu_credits": "unlimited"
              }
            ],
            "disable_api_stop": false,
            "disable_api_termination": false,
            "ebs_block_device": [],
            "ebs_optimized": false,
            "enable_primary_ipv6": null,
            "enclave_options": [
              {
                "enabled": false
              }
            ],
            "ephemeral_block_device": [],
            "get_password_data": false,
            "hibernation": false,
            "host_id": "",
            "host_resource_group_arn": null,
            "iam_instance_profile": "cine-catch-ec2-profile",
            "id": "i-0a56f3a3990b89127",
            "instance_initiated_shutdown_behavior": "stop",
            "instance_lifecycle": "",
            "instance_market_options": [],
            "instance_state": "running",
            "instance_type": "t3.micro",
            "ipv6_address_count": 0,
            "ipv6_addresses": [],
            "key_name": "cine-catch-key",
            "launch_template": [],
            "maintenance_options": [
              {
                "auto_recovery": "default"
              }
            ],
            "metadata_options": [
              {
                "http_endpoint": "enabled",
                "http_protocol_ipv6": "disabled",
                "http_put_response_hop_limit": 2,
                "http_tokens": "required",
                "instance_metadata_tags": "disabled"
              }
            ],
            "monitoring": false,
            "network_interface": [],
            "outpost_arn": "",
            "password_data": "",
            "placement_group": "",
            "placement_partition_number": 0,
            "primary_network_interface_id": "eni-04322dac20a73be82",
            "private_dns": "ip-10-0-0-190.ap-northeast-2.compute.internal",
            "private_dns_name_options": [
              {
                "enable_resource_name_dns_a_record": false,
                "enable_resource_name_dns_aaaa_record": false,
                "hostname_type": "ip-name"
              }
            ],
            "private_ip": "10.0.0.190",
            "public_dns": "ec2-3-34-252-221.ap-northeast-2.compute.amazonaws.com",
            "public_ip": "3.34.252.221",
            "root_block_device": [
              {
                "delete_on_termination": true,
                "device_name": "/dev/xvda",
                "encrypted": false,
                "iops": 3000,
                "kms_key_id": "",
                "tags": {},
                "tags_all": {},
                "throughput": 125,
                "volume_id": "vol-0e0a2ef1cec101857",
                "volume_size": 8,
                "volume_type": "gp3"
              }
            ],
            "secondary_private_ips": [],
            "security_groups": [],
            "source_dest_check": true,
            "spot_instance_request_id": "",
            "subnet_id": "subnet-05504be344cc66e88",
            "tags": {
              "Name": "cine-catch-app-server"
            },
            "tags_all": {
              "Name": "cine-catch-app-server"
            },
            "tenancy": "default",
            "timeouts": null,
            "user_data": null,
            "user_data_base64": null,
            "user_data_replace_on_change": false,
            "volume_tags": null,
            "vpc_security_group_ids": [
              "sg-0c7a96cf0e3ca435f"
            ]
          },
          "sensitive_attributes": [],
          "identity_schema_version": 0,
          "private": "eyJlMmJmYjczMC1lY2FhLTExZTYtOGY4OC0zNDM2M2JjN2M0YzAiOnsiY3JlYXRlIjo2MDAwMDAwMDAwMDAsImRlbGV0ZSI6MTIwMDAwMDAwMDAwMCwicmVhZCI6OTAwMDAwMDAwMDAwLCJ1cGRhdGUiOjYwMDAwMDAwMDAwMH0sInNjaGVtYV92ZXJzaW9uIjoiMSJ9",
          "dependencies": [
            "module.compute.aws_iam_instance_profile.ec2_profile",
            "module.compute.aws_iam_role.ec2_role",
            "module.compute.aws_key_pair.ec2_key",
            "module.compute.data.aws_ami.amazon_linux",
            "module.compute.tls_private_key.ec2_key",
            "module.security.aws_security_group.web_sg",
            "module.vpc.aws_subnet.public",
            "module.vpc.aws_vpc.main",
            "module.vpc.data.aws_availability_zones.available"
          ]
        }
      ]
    },
    {
      "module": "module.compute",
      "mode": "managed",
      "type": "aws_key_pair",
      "name": "ec2_key",
      "provider": "provider[\"registry.terraform.io/hashicorp/aws\"]",
      "instances": [
        {
          "schema_version": 1,
          "attributes": {
            "arn": "arn:aws:ec2:ap-northeast-2:633309913072:key-pair/cine-catch-key",
            "fingerprint": "f3:df:43:06:23:b0:1a:65:9e:0f:86:51:2a:48:15:bb",
            "id": "cine-catch-key",
            "key_name": "cine-catch-key",
            "key_name_prefix": "",
            "key_pair_id": "key-0aab8f416f6e43077",
            "key_type": "rsa",
            "public_key": "ssh-rsa AAAAB3NzaC1yc2EAAAADAQABAAACAQDMMvrxH+6f6p9TbyVz3+nOzTman+5yGWtbnisEJKar8rKwfd5shxoijOAYUZSX9ABMOulIP+Ul5tgkGI/kMVmh66CewJxrFPCDALQInfn4s37pS1Ys122T2xwjGy6z+wxAv/Y/IR5AZTvFW9Qt3dFLmfecfmFHCE+mqG6uH5DPMxriqi7tqI18uP1OWdUZU3ODIiNmnjKCKe2+uMYVwlnPgeLCCC/n6wRE6WtamDHo2PNA/R2MU321r1Fjgsv+f6NUHMDNaBh/TKvVJOzhAcX+7qvXjiZL+dQqH/dW3R0dQ9Cxw3l7tmVacNfvqfGtcYebB1iqK+ImUzfyH2IkwIN/I7CTsOmGNbihF9yP5JoOapX7ZkB3+nPM5jYPJMJ02Jl4RBb4DnUcFF6UFMAkhdPM1xFWVhGp+2ITukZ0c+5fdeSVH+XRtZBoDSqUVFJ8qqn0hgBCurYeUtedvAz6boyPI/Z5dv64AGkYZyVFQq3tTN8dGi9aa0B12tP5BinKRoG0l1OqAUbNfWbO52oxNg0d78P3AP2hGu2s4bewE53sEuaao/zlQ8JbBJS142KbSCHmTS7WpzxhFf7KF3jBg3hluByAmFjbegfybvJ0man1HLdjxGUZpd7nM+N7jg6i6hKPyz+gwzI9erlwcW1HLVA37K5A1IlIYcPlEACJCy+KZQ==",
            "tags": {},
            "tags_all": {}
          },
          "sensitive_attributes": [],
          "identity_schema_version": 0,
          "private": "eyJzY2hlbWFfdmVyc2lvbiI6IjEifQ==",
          "dependencies": [
            "module.compute.tls_private_key.ec2_key"
          ]
        }
      ]
    },
    {
      "module": "module.compute",
      "mode": "managed",
      "type": "local_file",
      "name": "private_key",
      "provider": "provider[\"registry.terraform.io/hashicorp/local\"]",
      "instances": [
        {
          "schema_version": 0,
          "attributes": {
            "content": "-----BEGIN RSA PRIVATE KEY-----\nMIIJKAIBAAKCAgEAzDL68R/un+qfU28lc9/pzs05mp/uchlrW54rBCSmq/KysH3e\nbIcaIozgGFGUl/QATDrpSD/lJebYJBiP5DFZoeugnsCcaxTwgwC0CJ35+LN+6UtW\nLNdtk9scIxsus/sMQL/2PyEeQGU7xVvULd3RS5n3nH5hRwhPpqhurh+QzzMa4qou\n7aiNfLj9TlnVGVNzgyIjZp4ygintvrjGFcJZz4Hiwggv5+sEROlrWpgx6NjzQP0d\njFN9ta9RY4LL/n+jVBzAzWgYf0yr1STs4QHF/u6r144mS/nUKh/3Vt0dHUPQscN5\ne7ZlWnDX76nxrXGHmwdYqiviJlM38h9iJMCDfyOwk7DphjW4oRfcj+SaDmqV+2ZA\nd/pzzOY2DyTCdNiZeEQW+A51HBRelBTAJIXTzNcRVlYRqftiE7pGdHPuX3XklR/l\n0bWQaA0qlFRSfKqp9IYAQrq2HlLXnbwM+m6MjyP2eXb+uABpGGclRUKt7UzfHRov\nWmtAddrT+QYpykaBtJdTqgFGzX1mzudqMTYNHe/D9wD9oRrtrOG3sBOd7BLmmqP8\n5UPCWwSUteNim0gh5k0u1qc8YRX+yhd4wYN4ZbgcgJhY23oH8m7ydJmp9Ry3Y8Rl\nGaXe5zPje44OouoSj8s/oMMyPXq5cHFtRy1QN+yuQNSJSGHD5RAAiQsvimUCAwEA\nAQKCAgAGuudqaxMCUklOBqvFVevu1PTBE+RX/l57dosUZ+DWaflZt8xM52cFHH+G\nTaoIGBKqcIafyvtSdHlLN0QG0VmS7KEumkqNfPMwXiWQ4yQJ/mCAb+s3LyJ9bQtQ\nXOT9KZkNyUXkbsMAfFWr+4rSuCzdwQVYMxIhtTRq2cJMGt469gQ81D8XtiZzpeUz\nX+KWIxn7iHSCPVSM1bTwREbDENTE8hL3Mi3iBuztGIRhSALdGclqquz+YwIRquWT\n0gvHJ43Kh+gS3QtxpqVDMSRdhiFwdY1UXWsFtgY4HTWZt0/uVv3Z3gdy/F/6yx1S\n2NcOUF+XzHYvpaKegL+nS0GA1JeA2inzrikYPTEnDzBImMvKNaIKMkHPXmRtfKOr\nuwLj8wP6mXTiH7tYXAEGMSnxJ6ihazlY1BTIWZ6ViiIHr3ju8Zswx5umyt1w4IRC\nVwI4Dk2L9kYNWRuCu4yqL1OhxgvSd+uw66bdOlbagvJKz3swfr8ldXyu3wr13F2r\nR29tkkaRycgqW5d/ALysNoNWQyqYwUTLo/l71TDYNBZxyNkl7m0OyBBXPOE6Dyt2\nwzxr9VHbh15ozmO2NYe6zq+ll3PKtXQXk/d2yke20KbdS6ET5T81QwBaE8U34mfV\nOSA8C8W3Srr63s7Zj9WtTGNyszFZRG7HBIHRPSBimbBn6BeIAQKCAQEA5hFeuc9k\n52FX3stGJUh5wucjMsOddZsGTMKsf+hd81TzYTJjexV0xyflQRCNmLoDstJyNJk3\nGjI0YgQLPuYD7fQjyHKByxS9pmf+6SMNY8gbz0l3EyXz9IYpOkqmR4QvzGsA6mVD\nXWfTKSJT162HMnwe5PujWUk2T/Z0CONTHOg4d8MAPu/aHfMuveCtXRE2pMZTs8kj\n5wl9xUMyXwCGv7TxqOK6uSclr/VQihrWPnCKzOcgGLgSYyODTkvIHYBXlF69DECM\nWIzFgpRnMj+6C9X9dUD0DNA03ELbyU+jlhCQt9bcRU8ftvK2J8I/CWRtJPfMd2YH\nTetf7GNQOcjE4QKCAQEA4zcqhbTeMMiPWG8uH4KHNlmIDCOI9Ec/1f64IivA3L4q\nKwNx5TbfUcpVcRAGnjFcmIpDQBgpHQvxRkutS7cBJ+xeDAWEPWsahmNuKEZNFOoc\nhxFjdTWi5QbR5oWETyPOx6T4oIk7mu+g/9ACRkLFovZn2e0JHhMcinJru4g+Elps\n6UoCcJRF1YjYrG9ZW7oEOjbkoe5ZVIWtlBT68eWZhgorN+NBoFvO4jC1JbP0PSbT\nxUPmV+/Z7eLSWfOUDaCRyNx02A9y9CW2XIYeLNKVVqz0RP6RMr2rv/UNo9y5o3GD\nw37b+8l48WCq32MUoJjGTWVz+Xuy+wBf6l50fgfyBQKCAQEAoJhRahy2D7lob/Gu\n9kmADSfw7veTS0u6ewyNAv/9zORou1lEDd/tUzOrGN7oKEr4V/QEmmi1CQkwfZbb\nDr3a0lhQPhSIO20v8R+41Z6NMzC1EN30S557ix23W6ROK6+++c9bpUKoYmQeByGa\nKvxLWlc/7ZEl9iZfzjN3zdh45L3I5PhujIA63hspbouOGF/yp9R1CxOFhzmd3HvK\nhnxEkz9ITR5vPt1vtkLkRHL1SEKg8OUJB5g95YwdlSLa/pTfDYeQKSRJk2o4WK0k\n1/OZ97cZJKcBdIxFyda1uvFnfFH14w4NVigkOD12H4y9Gd5LPbnntRS4VpDNtaGh\nl6RooQKCAQB6ZC7tkv3UvVQpyMnJg2AeMKAOGd4d53tFZE3/ah4bSfwg61wgoiwt\nPJZFruJBuEkuidur3NfYo6Q1v3H7xPpEbRhD1XzkMJs7JLgjzaqbx3fScdVnP5sd\nT00lpWodzyYFeKHMp9+Jl+bbpUp0WmdnXt+WDg7JOnY3RWcuvzbgYAEmsQ0bY2My\noOJGEDzMIilAymzhpShNVSypBZwfTRQjlbquAiZJoOqSALazNnorroyISAj9+V8k\nuvegKIrpxEKDNe1irP+478+Ji10Zu91hsQxrVc0UzgKEBhZw2+bLWcwmNGF/AYm6\nS93/MrnbwC+hZTLRgoZomk0QTAzoDpOZAoIBAB0xSXlFMx3KOR12KFJYMtPUM9F6\nZPaDF8pfiuH1mYvj0XUqfaI+SLmIggBcn7n2dk6DkhBr0gD7e7WVvkNTk83sxy59\np9yTVbBnKzP+pca+K93y4x5UyBA9yXgECZ+4PNTSq3fsFYuGsYLG60hDmEmOZGXR\nQiQAx++zSPSeIxgNaAhlW4wYPzw7340ZdGDX64X8moIKUMX0uICJtwHNAl1zyUqT\n1n2zm9BPigwFRrHX5gPOaUOuBAywLPlyV8r/nihnxclKuwET8AAgvaVrFXriModR\nzdJc7QYWe5ATrokF3OUbX0FCAXFobLc2fRe9uFeZS3rLj7Q0L0wJPn4wGIw=\n-----END RSA PRIVATE KEY-----\n",
            "content_base64": null,
            "content_base64sha256": "8nZGW+W8JPnY7vs1BM4fT2B/WEuxcw7TcDq+QfRms7I=",
            "content_base64sha512": "O0og+kFkyXlzMLqpxGfhZwpZfZZE9zuYJXLrq5DX/pWhRYVFT2vi8B4VZiRkMZH1JFiPuOnmBVVYOsvN5xV/+w==",
            "content_md5": "bef07d78b825c555e4f3e1052a40b56d",
            "content_sha1": "7083f0873e048b6f135ce633f0519fc24ea15f6f",
            "content_sha256": "f276465be5bc24f9d8eefb3504ce1f4f607f584bb1730ed3703abe41f466b3b2",
            "content_sha512": "3b4a20fa4164c9797330baa9c467e1670a597d9644f73b982572ebab90d7fe95a14585454f6be2f01e156624643191f524588fb8e9e60555583acbcde7157ffb",
            "directory_permission": "0777",
            "file_permission": "0400",
            "filename": "modules/compute/cine-catch-key.pem",
            "id": "7083f0873e048b6f135ce633f0519fc24ea15f6f",
            "sensitive_content": null,
            "source": null
          },
          "sensitive_attributes": [
            [
              {
                "type": "get_attr",
                "value": "content"
              }
            ],
            [
              {
                "type": "get_attr",
                "value": "sensitive_content"
              }
            ]
          ],
          "identity_schema_version": 0,
          "dependencies": [
            "module.compute.tls_private_key.ec2_key"
          ]
        }
      ]
    },
    {
      "module": "module.compute",
      "mode": "managed",
      "type": "tls_private_key",
      "name": "ec2_key",
      "provider": "provider[\"registry.terraform.io/hashicorp/tls\"]",
      "instances": [
        {
          "schema_version": 1,
          "attributes": {
            "algorithm": "RSA",
            "ecdsa_curve": "P224",
            "id": "dc06b7df5318e96cbac3450e11147509de8fe3b2",
            "private_key_openssh": "-----BEGIN OPENSSH PRIVATE KEY-----\nb3BlbnNzaC1rZXktdjEAAAAABG5vbmUAAAAEbm9uZQAAAAAAAAABAAACFwAAAAdz\nc2gtcnNhAAAAAwEAAQAAAgEAzDL68R/un+qfU28lc9/pzs05mp/uchlrW54rBCSm\nq/KysH3ebIcaIozgGFGUl/QATDrpSD/lJebYJBiP5DFZoeugnsCcaxTwgwC0CJ35\n+LN+6UtWLNdtk9scIxsus/sMQL/2PyEeQGU7xVvULd3RS5n3nH5hRwhPpqhurh+Q\nzzMa4qou7aiNfLj9TlnVGVNzgyIjZp4ygintvrjGFcJZz4Hiwggv5+sEROlrWpgx\n6NjzQP0djFN9ta9RY4LL/n+jVBzAzWgYf0yr1STs4QHF/u6r144mS/nUKh/3Vt0d\nHUPQscN5e7ZlWnDX76nxrXGHmwdYqiviJlM38h9iJMCDfyOwk7DphjW4oRfcj+Sa\nDmqV+2ZAd/pzzOY2DyTCdNiZeEQW+A51HBRelBTAJIXTzNcRVlYRqftiE7pGdHPu\nX3XklR/l0bWQaA0qlFRSfKqp9IYAQrq2HlLXnbwM+m6MjyP2eXb+uABpGGclRUKt\n7UzfHRovWmtAddrT+QYpykaBtJdTqgFGzX1mzudqMTYNHe/D9wD9oRrtrOG3sBOd\n7BLmmqP85UPCWwSUteNim0gh5k0u1qc8YRX+yhd4wYN4ZbgcgJhY23oH8m7ydJmp\n9Ry3Y8RlGaXe5zPje44OouoSj8s/oMMyPXq5cHFtRy1QN+yuQNSJSGHD5RAAiQsv\nimUAAAc4Oqk3iDqpN4gAAAAHc3NoLXJzYQAAAgEAzDL68R/un+qfU28lc9/pzs05\nmp/uchlrW54rBCSmq/KysH3ebIcaIozgGFGUl/QATDrpSD/lJebYJBiP5DFZoeug\nnsCcaxTwgwC0CJ35+LN+6UtWLNdtk9scIxsus/sMQL/2PyEeQGU7xVvULd3RS5n3\nnH5hRwhPpqhurh+QzzMa4qou7aiNfLj9TlnVGVNzgyIjZp4ygintvrjGFcJZz4Hi\nwggv5+sEROlrWpgx6NjzQP0djFN9ta9RY4LL/n+jVBzAzWgYf0yr1STs4QHF/u6r\n144mS/nUKh/3Vt0dHUPQscN5e7ZlWnDX76nxrXGHmwdYqiviJlM38h9iJMCDfyOw\nk7DphjW4oRfcj+SaDmqV+2ZAd/pzzOY2DyTCdNiZeEQW+A51HBRelBTAJIXTzNcR\nVlYRqftiE7pGdHPuX3XklR/l0bWQaA0qlFRSfKqp9IYAQrq2HlLXnbwM+m6MjyP2\neXb+uABpGGclRUKt7UzfHRovWmtAddrT+QYpykaBtJdTqgFGzX1mzudqMTYNHe/D\n9wD9oRrtrOG3sBOd7BLmmqP85UPCWwSUteNim0gh5k0u1qc8YRX+yhd4wYN4Zbgc\ngJhY23oH8m7ydJmp9Ry3Y8RlGaXe5zPje44OouoSj8s/oMMyPXq5cHFtRy1QN+yu\nQNSJSGHD5RAAiQsvimUAAAADAQABAAACAAa652prEwJSSU4Gq8VV6+7U9MET5Ff+\nXnt2ixRn4NZp+Vm3zEznZwUcf4ZNqggYEqpwhp/K+1J0eUs3RAbRWZLsoS6aSo18\n8zBeJZDjJAn+YIBv6zcvIn1tC1Bc5P0pmQ3JReRuwwB8Vav7itK4LN3BBVgzEiG1\nNGrZwkwa3jr2BDzUPxe2JnOl5TNf4pYjGfuIdII9VIzVtPBERsMQ1MTyEvcyLeIG\n7O0YhGFIAt0ZyWqq7P5jAhGq5ZPSC8cnjcqH6BLdC3GmpUMxJF2GIXB1jVRdawW2\nBjgdNZm3T+5W/dneB3L8X/rLHVLY1w5QX5fMdi+lop6Av6dLQYDUl4DaKfOuKRg9\nMScPMEiYy8o1ogoyQc9eZG18o6u7AuPzA/qZdOIfu1hcAQYxKfEnqKFrOVjUFMhZ\nnpWKIgeveO7xmzDHm6bK3XDghEJXAjgOTYv2Rg1ZG4K7jKovU6HGC9J367Drpt06\nVtqC8krPezB+vyV1fK7fCvXcXatHb22SRpHJyCpbl38AvKw2g1ZDKpjBRMuj+XvV\nMNg0FnHI2SXubQ7IEFc84ToPK3bDPGv1UduHXmjOY7Y1h7rOr6WXc8q1dBeT93bK\nR7bQpt1LoRPlPzVDAFoTxTfiZ9U5IDwLxbdKuvreztmP1a1MY3KzMVlEbscEgdE9\nIGKZsGfoF4gBAAABAB0xSXlFMx3KOR12KFJYMtPUM9F6ZPaDF8pfiuH1mYvj0XUq\nfaI+SLmIggBcn7n2dk6DkhBr0gD7e7WVvkNTk83sxy59p9yTVbBnKzP+pca+K93y\n4x5UyBA9yXgECZ+4PNTSq3fsFYuGsYLG60hDmEmOZGXRQiQAx++zSPSeIxgNaAhl\nW4wYPzw7340ZdGDX64X8moIKUMX0uICJtwHNAl1zyUqT1n2zm9BPigwFRrHX5gPO\naUOuBAywLPlyV8r/nihnxclKuwET8AAgvaVrFXriModRzdJc7QYWe5ATrokF3OUb\nX0FCAXFobLc2fRe9uFeZS3rLj7Q0L0wJPn4wGIwAAAEBAOYRXrnPZOdhV97LRiVI\necLnIzLDnXWbBkzCrH/oXfNU82EyY3sVdMcn5UEQjZi6A7LScjSZNxoyNGIECz7m\nA+30I8hygcsUvaZn/ukjDWPIG89JdxMl8/SGKTpKpkeEL8xrAOplQ11n0ykiU9et\nhzJ8HuT7o1lJNk/2dAjjUxzoOHfDAD7v2h3zLr3grV0RNqTGU7PJI+cJfcVDMl8A\nhr+08ajiurknJa/1UIoa1j5wisznIBi4EmMjg05LyB2AV5RevQxAjFiMxYKUZzI/\nugvV/XVA9AzQNNxC28lPo5YQkLfW3EVPH7bytifCPwlkbST3zHdmB03rX+xjUDnI\nxOEAAAEBAOM3KoW03jDIj1hvLh+ChzZZiAwjiPRHP9X+uCIrwNy+KisDceU231HK\nVXEQBp4xXJiKQ0AYKR0L8UZLrUu3ASfsXgwFhD1rGoZjbihGTRTqHIcRY3U1ouUG\n0eaFhE8jzsek+KCJO5rvoP/QAkZCxaL2Z9ntCR4THIpya7uIPhJabOlKAnCURdWI\n2KxvWVu6BDo25KHuWVSFrZQU+vHlmYYKKzfjQaBbzuIwtSWz9D0m08VD5lfv2e3i\n0lnzlA2gkcjcdNgPcvQltlyGHizSlVas9ET+kTK9q7/1DaPcuaNxg8N+2/vJePFg\nqt9jFKCYxk1lc/l7svsAX+pedH4H8gUAAAAAAQID\n-----END OPENSSH PRIVATE KEY-----\n",
            "private_key_pem": "-----BEGIN RSA PRIVATE KEY-----\nMIIJKAIBAAKCAgEAzDL68R/un+qfU28lc9/pzs05mp/uchlrW54rBCSmq/KysH3e\nbIcaIozgGFGUl/QATDrpSD/lJebYJBiP5DFZoeugnsCcaxTwgwC0CJ35+LN+6UtW\nLNdtk9scIxsus/sMQL/2PyEeQGU7xVvULd3RS5n3nH5hRwhPpqhurh+QzzMa4qou\n7aiNfLj9TlnVGVNzgyIjZp4ygintvrjGFcJZz4Hiwggv5+sEROlrWpgx6NjzQP0d\njFN9ta9RY4LL/n+jVBzAzWgYf0yr1STs4QHF/u6r144mS/nUKh/3Vt0dHUPQscN5\ne7ZlWnDX76nxrXGHmwdYqiviJlM38h9iJMCDfyOwk7DphjW4oRfcj+SaDmqV+2ZA\nd/pzzOY2DyTCdNiZeEQW+A51HBRelBTAJIXTzNcRVlYRqftiE7pGdHPuX3XklR/l\n0bWQaA0qlFRSfKqp9IYAQrq2HlLXnbwM+m6MjyP2eXb+uABpGGclRUKt7UzfHRov\nWmtAddrT+QYpykaBtJdTqgFGzX1mzudqMTYNHe/D9wD9oRrtrOG3sBOd7BLmmqP8\n5UPCWwSUteNim0gh5k0u1qc8YRX+yhd4wYN4ZbgcgJhY23oH8m7ydJmp9Ry3Y8Rl\nGaXe5zPje44OouoSj8s/oMMyPXq5cHFtRy1QN+yuQNSJSGHD5RAAiQsvimUCAwEA\nAQKCAgAGuudqaxMCUklOBqvFVevu1PTBE+RX/l57dosUZ+DWaflZt8xM52cFHH+G\nTaoIGBKqcIafyvtSdHlLN0QG0VmS7KEumkqNfPMwXiWQ4yQJ/mCAb+s3LyJ9bQtQ\nXOT9KZkNyUXkbsMAfFWr+4rSuCzdwQVYMxIhtTRq2cJMGt469gQ81D8XtiZzpeUz\nX+KWIxn7iHSCPVSM1bTwREbDENTE8hL3Mi3iBuztGIRhSALdGclqquz+YwIRquWT\n0gvHJ43Kh+gS3QtxpqVDMSRdhiFwdY1UXWsFtgY4HTWZt0/uVv3Z3gdy/F/6yx1S\n2NcOUF+XzHYvpaKegL+nS0GA1JeA2inzrikYPTEnDzBImMvKNaIKMkHPXmRtfKOr\nuwLj8wP6mXTiH7tYXAEGMSnxJ6ihazlY1BTIWZ6ViiIHr3ju8Zswx5umyt1w4IRC\nVwI4Dk2L9kYNWRuCu4yqL1OhxgvSd+uw66bdOlbagvJKz3swfr8ldXyu3wr13F2r\nR29tkkaRycgqW5d/ALysNoNWQyqYwUTLo/l71TDYNBZxyNkl7m0OyBBXPOE6Dyt2\nwzxr9VHbh15ozmO2NYe6zq+ll3PKtXQXk/d2yke20KbdS6ET5T81QwBaE8U34mfV\nOSA8C8W3Srr63s7Zj9WtTGNyszFZRG7HBIHRPSBimbBn6BeIAQKCAQEA5hFeuc9k\n52FX3stGJUh5wucjMsOddZsGTMKsf+hd81TzYTJjexV0xyflQRCNmLoDstJyNJk3\nGjI0YgQLPuYD7fQjyHKByxS9pmf+6SMNY8gbz0l3EyXz9IYpOkqmR4QvzGsA6mVD\nXWfTKSJT162HMnwe5PujWUk2T/Z0CONTHOg4d8MAPu/aHfMuveCtXRE2pMZTs8kj\n5wl9xUMyXwCGv7TxqOK6uSclr/VQihrWPnCKzOcgGLgSYyODTkvIHYBXlF69DECM\nWIzFgpRnMj+6C9X9dUD0DNA03ELbyU+jlhCQt9bcRU8ftvK2J8I/CWRtJPfMd2YH\nTetf7GNQOcjE4QKCAQEA4zcqhbTeMMiPWG8uH4KHNlmIDCOI9Ec/1f64IivA3L4q\nKwNx5TbfUcpVcRAGnjFcmIpDQBgpHQvxRkutS7cBJ+xeDAWEPWsahmNuKEZNFOoc\nhxFjdTWi5QbR5oWETyPOx6T4oIk7mu+g/9ACRkLFovZn2e0JHhMcinJru4g+Elps\n6UoCcJRF1YjYrG9ZW7oEOjbkoe5ZVIWtlBT68eWZhgorN+NBoFvO4jC1JbP0PSbT\nxUPmV+/Z7eLSWfOUDaCRyNx02A9y9CW2XIYeLNKVVqz0RP6RMr2rv/UNo9y5o3GD\nw37b+8l48WCq32MUoJjGTWVz+Xuy+wBf6l50fgfyBQKCAQEAoJhRahy2D7lob/Gu\n9kmADSfw7veTS0u6ewyNAv/9zORou1lEDd/tUzOrGN7oKEr4V/QEmmi1CQkwfZbb\nDr3a0lhQPhSIO20v8R+41Z6NMzC1EN30S557ix23W6ROK6+++c9bpUKoYmQeByGa\nKvxLWlc/7ZEl9iZfzjN3zdh45L3I5PhujIA63hspbouOGF/yp9R1CxOFhzmd3HvK\nhnxEkz9ITR5vPt1vtkLkRHL1SEKg8OUJB5g95YwdlSLa/pTfDYeQKSRJk2o4WK0k\n1/OZ97cZJKcBdIxFyda1uvFnfFH14w4NVigkOD12H4y9Gd5LPbnntRS4VpDNtaGh\nl6RooQKCAQB6ZC7tkv3UvVQpyMnJg2AeMKAOGd4d53tFZE3/ah4bSfwg61wgoiwt\nPJZFruJBuEkuidur3NfYo6Q1v3H7xPpEbRhD1XzkMJs7JLgjzaqbx3fScdVnP5sd\nT00lpWodzyYFeKHMp9+Jl+bbpUp0WmdnXt+WDg7JOnY3RWcuvzbgYAEmsQ0bY2My\noOJGEDzMIilAymzhpShNVSypBZwfTRQjlbquAiZJoOqSALazNnorroyISAj9+V8k\nuvegKIrpxEKDNe1irP+478+Ji10Zu91hsQxrVc0UzgKEBhZw2+bLWcwmNGF/AYm6\nS93/MrnbwC+hZTLRgoZomk0QTAzoDpOZAoIBAB0xSXlFMx3KOR12KFJYMtPUM9F6\nZPaDF8pfiuH1mYvj0XUqfaI+SLmIggBcn7n2dk6DkhBr0gD7e7WVvkNTk83sxy59\np9yTVbBnKzP+pca+K93y4x5UyBA9yXgECZ+4PNTSq3fsFYuGsYLG60hDmEmOZGXR\nQiQAx++zSPSeIxgNaAhlW4wYPzw7340ZdGDX64X8moIKUMX0uICJtwHNAl1zyUqT\n1n2zm9BPigwFRrHX5gPOaUOuBAywLPlyV8r/nihnxclKuwET8AAgvaVrFXriModR\nzdJc7QYWe5ATrokF3OUbX0FCAXFobLc2fRe9uFeZS3rLj7Q0L0wJPn4wGIw=\n-----END RSA PRIVATE KEY-----\n",
            "private_key_pem_pkcs8": "-----BEGIN PRIVATE KEY-----\nMIIJQgIBADANBgkqhkiG9w0BAQEFAASCCSwwggkoAgEAAoICAQDMMvrxH+6f6p9T\nbyVz3+nOzTman+5yGWtbnisEJKar8rKwfd5shxoijOAYUZSX9ABMOulIP+Ul5tgk\nGI/kMVmh66CewJxrFPCDALQInfn4s37pS1Ys122T2xwjGy6z+wxAv/Y/IR5AZTvF\nW9Qt3dFLmfecfmFHCE+mqG6uH5DPMxriqi7tqI18uP1OWdUZU3ODIiNmnjKCKe2+\nuMYVwlnPgeLCCC/n6wRE6WtamDHo2PNA/R2MU321r1Fjgsv+f6NUHMDNaBh/TKvV\nJOzhAcX+7qvXjiZL+dQqH/dW3R0dQ9Cxw3l7tmVacNfvqfGtcYebB1iqK+ImUzfy\nH2IkwIN/I7CTsOmGNbihF9yP5JoOapX7ZkB3+nPM5jYPJMJ02Jl4RBb4DnUcFF6U\nFMAkhdPM1xFWVhGp+2ITukZ0c+5fdeSVH+XRtZBoDSqUVFJ8qqn0hgBCurYeUted\nvAz6boyPI/Z5dv64AGkYZyVFQq3tTN8dGi9aa0B12tP5BinKRoG0l1OqAUbNfWbO\n52oxNg0d78P3AP2hGu2s4bewE53sEuaao/zlQ8JbBJS142KbSCHmTS7WpzxhFf7K\nF3jBg3hluByAmFjbegfybvJ0man1HLdjxGUZpd7nM+N7jg6i6hKPyz+gwzI9erlw\ncW1HLVA37K5A1IlIYcPlEACJCy+KZQIDAQABAoICAAa652prEwJSSU4Gq8VV6+7U\n9MET5Ff+Xnt2ixRn4NZp+Vm3zEznZwUcf4ZNqggYEqpwhp/K+1J0eUs3RAbRWZLs\noS6aSo188zBeJZDjJAn+YIBv6zcvIn1tC1Bc5P0pmQ3JReRuwwB8Vav7itK4LN3B\nBVgzEiG1NGrZwkwa3jr2BDzUPxe2JnOl5TNf4pYjGfuIdII9VIzVtPBERsMQ1MTy\nEvcyLeIG7O0YhGFIAt0ZyWqq7P5jAhGq5ZPSC8cnjcqH6BLdC3GmpUMxJF2GIXB1\njVRdawW2BjgdNZm3T+5W/dneB3L8X/rLHVLY1w5QX5fMdi+lop6Av6dLQYDUl4Da\nKfOuKRg9MScPMEiYy8o1ogoyQc9eZG18o6u7AuPzA/qZdOIfu1hcAQYxKfEnqKFr\nOVjUFMhZnpWKIgeveO7xmzDHm6bK3XDghEJXAjgOTYv2Rg1ZG4K7jKovU6HGC9J3\n67Drpt06VtqC8krPezB+vyV1fK7fCvXcXatHb22SRpHJyCpbl38AvKw2g1ZDKpjB\nRMuj+XvVMNg0FnHI2SXubQ7IEFc84ToPK3bDPGv1UduHXmjOY7Y1h7rOr6WXc8q1\ndBeT93bKR7bQpt1LoRPlPzVDAFoTxTfiZ9U5IDwLxbdKuvreztmP1a1MY3KzMVlE\nbscEgdE9IGKZsGfoF4gBAoIBAQDmEV65z2TnYVfey0YlSHnC5yMyw511mwZMwqx/\n6F3zVPNhMmN7FXTHJ+VBEI2YugOy0nI0mTcaMjRiBAs+5gPt9CPIcoHLFL2mZ/7p\nIw1jyBvPSXcTJfP0hik6SqZHhC/MawDqZUNdZ9MpIlPXrYcyfB7k+6NZSTZP9nQI\n41Mc6Dh3wwA+79od8y694K1dETakxlOzySPnCX3FQzJfAIa/tPGo4rq5JyWv9VCK\nGtY+cIrM5yAYuBJjI4NOS8gdgFeUXr0MQIxYjMWClGcyP7oL1f11QPQM0DTcQtvJ\nT6OWEJC31txFTx+28rYnwj8JZG0k98x3ZgdN61/sY1A5yMThAoIBAQDjNyqFtN4w\nyI9Yby4fgoc2WYgMI4j0Rz/V/rgiK8DcviorA3HlNt9RylVxEAaeMVyYikNAGCkd\nC/FGS61LtwEn7F4MBYQ9axqGY24oRk0U6hyHEWN1NaLlBtHmhYRPI87HpPigiTua\n76D/0AJGQsWi9mfZ7QkeExyKcmu7iD4SWmzpSgJwlEXViNisb1lbugQ6NuSh7llU\nha2UFPrx5ZmGCis340GgW87iMLUls/Q9JtPFQ+ZX79nt4tJZ85QNoJHI3HTYD3L0\nJbZchh4s0pVWrPRE/pEyvau/9Q2j3LmjcYPDftv7yXjxYKrfYxSgmMZNZXP5e7L7\nAF/qXnR+B/IFAoIBAQCgmFFqHLYPuWhv8a72SYANJ/Du95NLS7p7DI0C//3M5Gi7\nWUQN3+1TM6sY3ugoSvhX9ASaaLUJCTB9ltsOvdrSWFA+FIg7bS/xH7jVno0zMLUQ\n3fRLnnuLHbdbpE4rr775z1ulQqhiZB4HIZoq/EtaVz/tkSX2Jl/OM3fN2Hjkvcjk\n+G6MgDreGylui44YX/Kn1HULE4WHOZ3ce8qGfESTP0hNHm8+3W+2QuREcvVIQqDw\n5QkHmD3ljB2VItr+lN8Nh5ApJEmTajhYrSTX85n3txkkpwF0jEXJ1rW68Wd8UfXj\nDg1WKCQ4PXYfjL0Z3ks9uee1FLhWkM21oaGXpGihAoIBAHpkLu2S/dS9VCnIycmD\nYB4woA4Z3h3ne0VkTf9qHhtJ/CDrXCCiLC08lkWu4kG4SS6J26vc19ijpDW/cfvE\n+kRtGEPVfOQwmzskuCPNqpvHd9Jx1Wc/mx1PTSWlah3PJgV4ocyn34mX5tulSnRa\nZ2de35YODsk6djdFZy6/NuBgASaxDRtjYzKg4kYQPMwiKUDKbOGlKE1VLKkFnB9N\nFCOVuq4CJkmg6pIAtrM2eiuujIhICP35XyS696AoiunEQoM17WKs/7jvz4mLXRm7\n3WGxDGtVzRTOAoQGFnDb5stZzCY0YX8BibpL3f8yudvAL6FlMtGChmiaTRBMDOgO\nk5kCggEAHTFJeUUzHco5HXYoUlgy09Qz0Xpk9oMXyl+K4fWZi+PRdSp9oj5IuYiC\nAFyfufZ2ToOSEGvSAPt7tZW+Q1OTzezHLn2n3JNVsGcrM/6lxr4r3fLjHlTIED3J\neAQJn7g81NKrd+wVi4axgsbrSEOYSY5kZdFCJADH77NI9J4jGA1oCGVbjBg/PDvf\njRl0YNfrhfyaggpQxfS4gIm3Ac0CXXPJSpPWfbOb0E+KDAVGsdfmA85pQ64EDLAs\n+XJXyv+eKGfFyUq7ARPwACC9pWsVeuIyh1HN0lztBhZ7kBOuiQXc5RtfQUIBcWhs\ntzZ9F724V5lLesuPtDQvTAk+fjAYjA==\n-----END PRIVATE KEY-----\n",
            "public_key_fingerprint_md5": "30:74:1a:d4:93:21:aa:5b:78:18:23:23:bb:ad:c4:e0",
            "public_key_fingerprint_sha256": "SHA256:Yv4zA+MH7MnmEDPw1u1i/MqNkxBrd+iXN/NkRR67nyU",
            "public_key_openssh": "ssh-rsa AAAAB3NzaC1yc2EAAAADAQABAAACAQDMMvrxH+6f6p9TbyVz3+nOzTman+5yGWtbnisEJKar8rKwfd5shxoijOAYUZSX9ABMOulIP+Ul5tgkGI/kMVmh66CewJxrFPCDALQInfn4s37pS1Ys122T2xwjGy6z+wxAv/Y/IR5AZTvFW9Qt3dFLmfecfmFHCE+mqG6uH5DPMxriqi7tqI18uP1OWdUZU3ODIiNmnjKCKe2+uMYVwlnPgeLCCC/n6wRE6WtamDHo2PNA/R2MU321r1Fjgsv+f6NUHMDNaBh/TKvVJOzhAcX+7qvXjiZL+dQqH/dW3R0dQ9Cxw3l7tmVacNfvqfGtcYebB1iqK+ImUzfyH2IkwIN/I7CTsOmGNbihF9yP5JoOapX7ZkB3+nPM5jYPJMJ02Jl4RBb4DnUcFF6UFMAkhdPM1xFWVhGp+2ITukZ0c+5fdeSVH+XRtZBoDSqUVFJ8qqn0hgBCurYeUtedvAz6boyPI/Z5dv64AGkYZyVFQq3tTN8dGi9aa0B12tP5BinKRoG0l1OqAUbNfWbO52oxNg0d78P3AP2hGu2s4bewE53sEuaao/zlQ8JbBJS142KbSCHmTS7WpzxhFf7KF3jBg3hluByAmFjbegfybvJ0man1HLdjxGUZpd7nM+N7jg6i6hKPyz+gwzI9erlwcW1HLVA37K5A1IlIYcPlEACJCy+KZQ==\n",
            "public_key_pem": "-----BEGIN PUBLIC KEY-----\nMIICIjANBgkqhkiG9w0BAQEFAAOCAg8AMIICCgKCAgEAzDL68R/un+qfU28lc9/p\nzs05mp/uchlrW54rBCSmq/KysH3ebIcaIozgGFGUl/QATDrpSD/lJebYJBiP5DFZ\noeugnsCcaxTwgwC0CJ35+LN+6UtWLNdtk9scIxsus/sMQL/2PyEeQGU7xVvULd3R\nS5n3nH5hRwhPpqhurh+QzzMa4qou7aiNfLj9TlnVGVNzgyIjZp4ygintvrjGFcJZ\nz4Hiwggv5+sEROlrWpgx6NjzQP0djFN9ta9RY4LL/n+jVBzAzWgYf0yr1STs4QHF\n/u6r144mS/nUKh/3Vt0dHUPQscN5e7ZlWnDX76nxrXGHmwdYqiviJlM38h9iJMCD\nfyOwk7DphjW4oRfcj+SaDmqV+2ZAd/pzzOY2DyTCdNiZeEQW+A51HBRelBTAJIXT\nzNcRVlYRqftiE7pGdHPuX3XklR/l0bWQaA0qlFRSfKqp9IYAQrq2HlLXnbwM+m6M\njyP2eXb+uABpGGclRUKt7UzfHRovWmtAddrT+QYpykaBtJdTqgFGzX1mzudqMTYN\nHe/D9wD9oRrtrOG3sBOd7BLmmqP85UPCWwSUteNim0gh5k0u1qc8YRX+yhd4wYN4\nZbgcgJhY23oH8m7ydJmp9Ry3Y8RlGaXe5zPje44OouoSj8s/oMMyPXq5cHFtRy1Q\nN+yuQNSJSGHD5RAAiQsvimUCAwEAAQ==\n-----END PUBLIC KEY-----\n",
            "rsa_bits": 4096
          },
          "sensitive_attributes": [
            [
              {
                "type": "get_attr",
                "value": "private_key_openssh"
              }
            ],
            [
              {
                "type": "get_attr",
                "value": "private_key_pem"
              }
            ],
            [
              {
                "type": "get_attr",
                "value": "private_key_pem_pkcs8"
              }
            ]
          ],
          "identity_schema_version": 0
        }
      ]
    },
    {
      "module": "module.security",
      "mode": "managed",
      "type": "aws_security_group",
      "name": "web_sg",
      "provider": "provider[\"registry.terraform.io/hashicorp/aws\"]",
      "instances": [
        {
          "schema_version": 1,
          "attributes": {
            "arn": "arn:aws:ec2:ap-northeast-2:633309913072:security-group/sg-0c7a96cf0e3ca435f",
            "description": "Managed by Terraform",
            "egress": [
              {
                "cidr_blocks": [
                  "0.0.0.0/0"
                ],
                "description": "",
                "from_port": 0,
                "ipv6_cidr_blocks": [],
                "prefix_list_ids": [],
                "protocol": "-1",
                "security_groups": [],
                "self": false,
                "to_port": 0
              }
            ],
            "id": "sg-0c7a96cf0e3ca435f",
            "ingress": [
              {
                "cidr_blocks": [
                  "0.0.0.0/0"
                ],
                "description": "",
                "from_port": 22,
                "ipv6_cidr_blocks": [],
                "prefix_list_ids": [],
                "protocol": "tcp",
                "security_groups": [],
                "self": false,
                "to_port": 22
              },
              {
                "cidr_blocks": [
                  "0.0.0.0/0"
                ],
                "description": "",
                "from_port": 443,
                "ipv6_cidr_blocks": [],
                "prefix_list_ids": [],
                "protocol": "tcp",
                "security_groups": [],
                "self": false,
                "to_port": 443
              },
              {
                "cidr_blocks": [
                  "0.0.0.0/0"
                ],
                "description": "",
                "from_port": 8080,
                "ipv6_cidr_blocks": [],
                "prefix_list_ids": [],
                "protocol": "tcp",
                "security_groups": [],
                "self": false,
                "to_port": 8080
              },
              {
                "cidr_blocks": [
                  "0.0.0.0/0"
                ],
                "description": "",
                "from_port": 80,
                "ipv6_cidr_blocks": [],
                "prefix_list_ids": [],
                "protocol": "tcp",
                "security_groups": [],
                "self": false,
                "to_port": 80
              }
            ],
            "name": "cine-catch-web-sg",
            "name_prefix": "",
            "owner_id": "633309913072",
            "revoke_rules_on_delete": false,
            "tags": {},
            "tags_all": {},
            "timeouts": null,
            "vpc_id": "vpc-0e2330811ddc5348e"
          },
          "sensitive_attributes": [],
          "identity_schema_version": 0,
          "private": "eyJlMmJmYjczMC1lY2FhLTExZTYtOGY4OC0zNDM2M2JjN2M0YzAiOnsiY3JlYXRlIjo2MDAwMDAwMDAwMDAsImRlbGV0ZSI6OTAwMDAwMDAwMDAwfSwic2NoZW1hX3ZlcnNpb24iOiIxIn0=",
          "dependencies": [
            "module.vpc.aws_vpc.main"
          ]
        }
      ]
    },
    {
      "module": "module.serverless",
      "mode": "managed",
      "type": "aws_apigatewayv2_api",
      "name": "http_api",
      "provider": "provider[\"registry.terraform.io/hashicorp/aws\"]",
      "instances": [
        {
          "schema_version": 0,
          "attributes": {
            "api_endpoint": "https://8lpej0ttf1.execute-api.ap-northeast-2.amazonaws.com",
            "api_key_selection_expression": "$request.header.x-api-key",
            "arn": "arn:aws:apigateway:ap-northeast-2::/apis/8lpej0ttf1",
            "body": null,
            "cors_configuration": [],
            "credentials_arn": null,
            "description": "",
            "disable_execute_api_endpoint": false,
            "execution_arn": "arn:aws:execute-api:ap-northeast-2:633309913072:8lpej0ttf1",
            "fail_on_warnings": null,
            "id": "8lpej0ttf1",
            "ip_address_type": "ipv4",
            "name": "cine-catch-http-api",
            "protocol_type": "HTTP",
            "route_key": null,
            "route_selection_expression": "$request.method $request.path",
            "tags": {},
            "tags_all": {},
            "target": null,
            "version": ""
          },
          "sensitive_attributes": [],
          "identity_schema_version": 0,
          "private": "bnVsbA=="
        }
      ]
    },
    {
      "module": "module.serverless",
      "mode": "managed",
      "type": "aws_apigatewayv2_integration",
      "name": "lambda_int",
      "provider": "provider[\"registry.terraform.io/hashicorp/aws\"]",
      "instances": [
        {
          "schema_version": 0,
          "attributes": {
            "api_id": "8lpej0ttf1",
            "connection_id": "",
            "connection_type": "INTERNET",
            "content_handling_strategy": "",
            "credentials_arn": "",
            "description": "",
            "id": "povq3uh",
            "integration_method": "POST",
            "integration_response_selection_expression": "",
            "integration_subtype": "",
            "integration_type": "AWS_PROXY",
            "integration_uri": "arn:aws:apigateway:ap-northeast-2:lambda:path/2015-03-31/functions/arn:aws:lambda:ap-northeast-2:633309913072:function:cine-catch-handler/invocations",
            "passthrough_behavior": "",
            "payload_format_version": "1.0",
            "request_parameters": {},
            "request_templates": {},
            "response_parameters": [],
            "template_selection_expression": "",
            "timeout_milliseconds": 30000,
            "tls_config": []
          },
          "sensitive_attributes": [],
          "identity_schema_version": 0,
          "private": "bnVsbA==",
          "dependencies": [
            "module.serverless.aws_apigatewayv2_api.http_api",
            "module.serverless.aws_iam_role.lambda_exec",
            "module.serverless.aws_lambda_function.api_handler"
          ]
        }
      ]
    },
    {
      "module": "module.serverless",
      "mode": "managed",
      "type": "aws_apigatewayv2_route",
      "name": "default_route",
      "provider": "provider[\"registry.terraform.io/hashicorp/aws\"]",
      "instances": [
        {
          "schema_version": 0,
          "attributes": {
            "api_id": "8lpej0ttf1",
            "api_key_required": false,
            "authorization_scopes": [],
            "authorization_type": "NONE",
            "authorizer_id": "",
            "id": "7pwa5cv",
            "model_selection_expression": "",
            "operation_name": "",
            "request_models": {},
            "request_parameter": [],
            "route_key": "ANY /{proxy+}",
            "route_response_selection_expression": "",
            "target": "integrations/povq3uh"
          },
          "sensitive_attributes": [],
          "identity_schema_version": 0,
          "private": "bnVsbA==",
          "dependencies": [
            "module.serverless.aws_apigatewayv2_api.http_api",
            "module.serverless.aws_apigatewayv2_integration.lambda_int",
            "module.serverless.aws_iam_role.lambda_exec",
            "module.serverless.aws_lambda_function.api_handler"
          ]
        }
      ]
    },
    {
      "module": "module.serverless",
      "mode": "managed",
      "type": "aws_apigatewayv2_stage",
      "name": "default",
      "provider": "provider[\"registry.terraform.io/hashicorp/aws\"]",
      "instances": [
        {
          "schema_version": 0,
          "attributes": {
            "access_log_settings": [],
            "api_id": "8lpej0ttf1",
            "arn": "arn:aws:apigateway:ap-northeast-2::/apis/8lpej0ttf1/stages/$default",
            "auto_deploy": true,
            "client_certificate_id": "",
            "default_route_settings": [
              {
                "data_trace_enabled": false,
                "detailed_metrics_enabled": false,
                "logging_level": "",
                "throttling_burst_limit": 0,
                "throttling_rate_limit": 0
              }
            ],
            "deployment_id": "jjzbco",
            "description": "",
            "execution_arn": "arn:aws:execute-api:ap-northeast-2:633309913072:8lpej0ttf1/$default",
            "id": "$default",
            "invoke_url": "https://8lpej0ttf1.execute-api.ap-northeast-2.amazonaws.com/",
            "name": "$default",
            "route_settings": [],
            "stage_variables": {},
            "tags": {},
            "tags_all": {}
          },
          "sensitive_attributes": [],
          "identity_schema_version": 0,
          "private": "bnVsbA==",
          "dependencies": [
            "module.serverless.aws_apigatewayv2_api.http_api"
          ]
        }
      ]
    },
    {
      "module": "module.serverless",
      "mode": "managed",
      "type": "aws_iam_role",
      "name": "lambda_exec",
      "provider": "provider[\"registry.terraform.io/hashicorp/aws\"]",
      "instances": [
        {
          "schema_version": 0,
          "attributes": {
            "arn": "arn:aws:iam::633309913072:role/cine-catch-lambda-role",
            "assume_role_policy": "{\"Statement\":[{\"Action\":\"sts:AssumeRole\",\"Effect\":\"Allow\",\"Principal\":{\"Service\":\"lambda.amazonaws.com\"}}],\"Version\":\"2012-10-17\"}",
            "create_date": "2026-01-20T08:46:19Z",
            "description": "",
            "force_detach_policies": false,
            "id": "cine-catch-lambda-role",
            "inline_policy": [],
            "managed_policy_arns": [
              "arn:aws:iam::aws:policy/service-role/AWSLambdaBasicExecutionRole"
            ],
            "max_session_duration": 3600,
            "name": "cine-catch-lambda-role",
            "name_prefix": "",
            "path": "/",
            "permissions_boundary": "",
            "tags": {},
            "tags_all": {},
            "unique_id": "AROAZG5BWL7YLM6CDU7QY"
          },
          "sensitive_attributes": [],
          "identity_schema_version": 0,
          "private": "bnVsbA=="
        }
      ]
    },
    {
      "module": "module.serverless",
      "mode": "managed",
      "type": "aws_iam_role_policy_attachment",
      "name": "lambda_logs",
      "provider": "provider[\"registry.terraform.io/hashicorp/aws\"]",
      "instances": [
        {
          "schema_version": 0,
          "attributes": {
            "id": "cine-catch-lambda-role-20260120084620740300000001",
            "policy_arn": "arn:aws:iam::aws:policy/service-role/AWSLambdaBasicExecutionRole",
            "role": "cine-catch-lambda-role"
          },
          "sensitive_attributes": [],
          "identity_schema_version": 0,
          "private": "bnVsbA==",
          "dependencies": [
            "module.serverless.aws_iam_role.lambda_exec"
          ]
        }
      ]
    },
    {
      "module": "module.serverless",
      "mode": "managed",
      "type": "aws_lambda_function",
      "name": "api_handler",
      "provider": "provider[\"registry.terraform.io/hashicorp/aws\"]",
      "instances": [
        {
          "schema_version": 0,
          "attributes": {
            "architectures": [
              "x86_64"
            ],
            "arn": "arn:aws:lambda:ap-northeast-2:633309913072:function:cine-catch-handler",
            "code_sha256": "8c9g0cz/RPBkgRe5aWPINzJd5xeAJ11g+3zqxp9TohI=",
            "code_signing_config_arn": "",
            "dead_letter_config": [],
            "description": "",
            "environment": [
              {
                "variables": {
                  "ENV": "dev"
                }
              }
            ],
            "ephemeral_storage": [
              {
                "size": 512
              }
            ],
            "file_system_config": [],
            "filename": "lambda_function_payload.zip",
            "function_name": "cine-catch-handler",
            "handler": "index.handler",
            "id": "cine-catch-handler",
            "image_config": [],
            "image_uri": "",
            "invoke_arn": "arn:aws:apigateway:ap-northeast-2:lambda:path/2015-03-31/functions/arn:aws:lambda:ap-northeast-2:633309913072:function:cine-catch-handler/invocations",
            "kms_key_arn": "",
            "last_modified": "2026-01-20T08:50:25.911+0000",
            "layers": [],
            "logging_config": [
              {
                "application_log_level": "",
                "log_format": "Text",
                "log_group": "/aws/lambda/cine-catch-handler",
                "system_log_level": ""
              }
            ],
            "memory_size": 128,
            "package_type": "Zip",
            "publish": false,
            "qualified_arn": "arn:aws:lambda:ap-northeast-2:633309913072:function:cine-catch-handler:$LATEST",
            "qualified_invoke_arn": "arn:aws:apigateway:ap-northeast-2:lambda:path/2015-03-31/functions/arn:aws:lambda:ap-northeast-2:633309913072:function:cine-catch-handler:$LATEST/invocations",
            "replace_security_groups_on_destroy": null,
            "replacement_security_group_ids": null,
            "reserved_concurrent_executions": -1,
            "role": "arn:aws:iam::633309913072:role/cine-catch-lambda-role",
            "runtime": "python3.12",
            "s3_bucket": null,
            "s3_key": null,
            "s3_object_version": null,
            "signing_job_arn": "",
            "signing_profile_version_arn": "",
            "skip_destroy": false,
            "snap_start": [],
            "source_code_hash": "",
            "source_code_size": 186,
            "tags": {},
            "tags_all": {},
            "timeout": 3,
            "timeouts": null,
            "tracing_config": [
              {
                "mode": "PassThrough"
              }
            ],
            "version": "$LATEST",
            "vpc_config": []
          },
          "sensitive_attributes": [],
          "identity_schema_version": 0,
          "private": "eyJlMmJmYjczMC1lY2FhLTExZTYtOGY4OC0zNDM2M2JjN2M0YzAiOnsiY3JlYXRlIjo2MDAwMDAwMDAwMDAsImRlbGV0ZSI6NjAwMDAwMDAwMDAwLCJ1cGRhdGUiOjYwMDAwMDAwMDAwMH19",
          "dependencies": [
            "module.serverless.aws_iam_role.lambda_exec"
          ]
        }
      ]
    },
    {
      "module": "module.serverless",
      "mode": "managed",
      "type": "aws_lambda_permission",
      "name": "api_gw",
      "provider": "provider[\"registry.terraform.io/hashicorp/aws\"]",
      "instances": [
        {
          "schema_version": 0,
          "attributes": {
            "action": "lambda:InvokeFunction",
            "event_source_token": null,
            "function_name": "cine-catch-handler",
            "function_url_auth_type": null,
            "id": "AllowExecutionFromAPIGateway",
            "principal": "apigateway.amazonaws.com",
            "principal_org_id": null,
            "qualifier": "",
            "source_account": null,
            "source_arn": "arn:aws:execute-api:ap-northeast-2:633309913072:8lpej0ttf1/*/*",
            "statement_id": "AllowExecutionFromAPIGateway",
            "statement_id_prefix": ""
          },
          "sensitive_attributes": [],
          "identity_schema_version": 0,
          "private": "bnVsbA==",
          "dependencies": [
            "module.serverless.aws_apigatewayv2_api.http_api",
            "module.serverless.aws_iam_role.lambda_exec",
            "module.serverless.aws_lambda_function.api_handler"
          ]
        }
      ]
    },
    {
      "module": "module.storage",
      "mode": "managed",
      "type": "aws_db_instance",
      "name": "cine_catch_db",
      "provider": "provider[\"registry.terraform.io/hashicorp/aws\"]",
      "instances": [
        {
          "schema_version": 2,
          "attributes": {
            "address": "terraform-20260120091745482000000001.cjmucplwks6l.ap-northeast-2.rds.amazonaws.com",
            "allocated_storage": 20,
            "allow_major_version_upgrade": null,
            "apply_immediately": false,
            "arn": "arn:aws:rds:ap-northeast-2:633309913072:db:terraform-20260120091745482000000001",
            "auto_minor_version_upgrade": true,
            "availability_zone": "ap-northeast-2a",
            "backup_retention_period": 0,
            "backup_target": "region",
            "backup_window": "18:53-19:23",
            "blue_green_update": [],
            "ca_cert_identifier": "rds-ca-rsa2048-g1",
            "character_set_name": "",
            "copy_tags_to_snapshot": false,
            "custom_iam_instance_profile": "",
            "customer_owned_ip_enabled": false,
            "database_insights_mode": "standard",
            "db_name": "cinecatch",
            "db_subnet_group_name": "cine-catch-db-subnet-group-v2",
            "dedicated_log_volume": false,
            "delete_automated_backups": true,
            "deletion_protection": false,
            "domain": "",
            "domain_auth_secret_arn": "",
            "domain_dns_ips": [],
            "domain_fqdn": "",
            "domain_iam_role_name": "",
            "domain_ou": "",
            "enabled_cloudwatch_logs_exports": [],
            "endpoint": "terraform-20260120091745482000000001.cjmucplwks6l.ap-northeast-2.rds.amazonaws.com:5432",
            "engine": "postgres",
            "engine_lifecycle_support": "open-source-rds-extended-support",
            "engine_version": "17.2",
            "engine_version_actual": "17.2",
            "final_snapshot_identifier": null,
            "hosted_zone_id": "ZLA2NUCOLGUUR",
            "iam_database_authentication_enabled": false,
            "id": "db-GS4WPJAJFA6ZW6AXHSBIGQBBME",
            "identifier": "terraform-20260120091745482000000001",
            "identifier_prefix": "terraform-",
            "instance_class": "db.t3.micro",
            "iops": 0,
            "kms_key_id": "",
            "latest_restorable_time": "",
            "license_model": "postgresql-license",
            "listener_endpoint": [],
            "maintenance_window": "thu:14:10-thu:14:40",
            "manage_master_user_password": null,
            "master_user_secret": [],
            "master_user_secret_kms_key_id": null,
            "max_allocated_storage": 0,
            "monitoring_interval": 0,
            "monitoring_role_arn": "",
            "multi_az": false,
            "nchar_character_set_name": "",
            "network_type": "IPV4",
            "option_group_name": "default:postgres-17",
            "parameter_group_name": "default.postgres17",
            "password": "cute-adam",
            "password_wo": null,
            "password_wo_version": null,
            "performance_insights_enabled": false,
            "performance_insights_kms_key_id": "",
            "performance_insights_retention_period": 0,
            "port": 5432,
            "publicly_accessible": true,
            "replica_mode": "",
            "replicas": [],
            "replicate_source_db": "",
            "resource_id": "db-GS4WPJAJFA6ZW6AXHSBIGQBBME",
            "restore_to_point_in_time": [],
            "s3_import": [],
            "skip_final_snapshot": true,
            "snapshot_identifier": null,
            "status": "available",
            "storage_encrypted": false,
            "storage_throughput": 0,
            "storage_type": "gp2",
            "tags": {
              "Name": "cine-catch-db"
            },
            "tags_all": {
              "Name": "cine-catch-db"
            },
            "timeouts": null,
            "timezone": "",
            "upgrade_storage_config": null,
            "username": "cinecatch",
            "vpc_security_group_ids": [
              "sg-0775034bbb81e80c9"
            ]
          },
          "sensitive_attributes": [
            [
              {
                "type": "get_attr",
                "value": "password"
              }
            ],
            [
              {
                "type": "get_attr",
                "value": "password_wo"
              }
            ]
          ],
          "identity_schema_version": 0,
          "private": "eyJlMmJmYjczMC1lY2FhLTExZTYtOGY4OC0zNDM2M2JjN2M0YzAiOnsiY3JlYXRlIjozMDAwMDAwMDAwMDAwLCJkZWxldGUiOjM2MDAwMDAwMDAwMDAsInVwZGF0ZSI6NDgwMDAwMDAwMDAwMH0sInNjaGVtYV92ZXJzaW9uIjoiMiJ9",
          "dependencies": [
            "module.storage.aws_db_subnet_group.database",
            "module.storage.aws_security_group.db_sg",
            "module.vpc.aws_subnet.private",
            "module.vpc.aws_subnet.public",
            "module.vpc.aws_vpc.main",
            "module.vpc.data.aws_availability_zones.available"
          ]
        }
      ]
    },
    {
      "module": "module.storage",
      "mode": "managed",
      "type": "aws_db_subnet_group",
      "name": "database",
      "provider": "provider[\"registry.terraform.io/hashicorp/aws\"]",
      "instances": [
        {
          "deposed": "1260fd48",
          "schema_version": 0,
          "attributes": {
            "arn": "arn:aws:rds:ap-northeast-2:633309913072:subgrp:cine-catch-db-subnet-group-v2",
            "description": "Managed by Terraform",
            "id": "cine-catch-db-subnet-group-v2",
            "name": "cine-catch-db-subnet-group-v2",
            "name_prefix": "",
            "subnet_ids": [
              "subnet-05504be344cc66e88",
              "subnet-0faa9eebfcf2cbb80"
            ],
            "supported_network_types": [
              "IPV4"
            ],
            "tags": {
              "Name": "cine-catch-db-subnet-group-v2"
            },
            "tags_all": {
              "Name": "cine-catch-db-subnet-group-v2"
            },
            "vpc_id": "vpc-0e2330811ddc5348e"
          },
          "sensitive_attributes": [],
          "identity_schema_version": 0,
          "private": "bnVsbA==",
          "dependencies": [
            "module.vpc.aws_subnet.private",
            "module.vpc.aws_subnet.public",
            "module.vpc.aws_vpc.main",
            "module.vpc.data.aws_availability_zones.available"
          ],
          "create_before_destroy": true
        }
      ]
    },
    {
      "module": "module.storage",
      "mode": "managed",
      "type": "aws_s3_bucket",
      "name": "cine_catch_deploy",
      "provider": "provider[\"registry.terraform.io/hashicorp/aws\"]",
      "instances": [
        {
          "schema_version": 0,
          "attributes": {
            "acceleration_status": "",
            "acl": null,
            "arn": "arn:aws:s3:::cine-catch-deploy",
            "bucket": "cine-catch-deploy",
            "bucket_domain_name": "cine-catch-deploy.s3.amazonaws.com",
            "bucket_prefix": "",
            "bucket_regional_domain_name": "cine-catch-deploy.s3.ap-northeast-2.amazonaws.com",
            "cors_rule": [],
            "force_destroy": false,
            "grant": [
              {
                "id": "c94623da1c79de310fecba96d0413d69e719d2c4de5e8d14aa9b476e344b7183",
                "permissions": [
                  "FULL_CONTROL"
                ],
                "type": "CanonicalUser",
                "uri": ""
              }
            ],
            "hosted_zone_id": "Z3W03O7B5YMIYP",
            "id": "cine-catch-deploy",
            "lifecycle_rule": [],
            "logging": [],
            "object_lock_configuration": [],
            "object_lock_enabled": false,
            "policy": "",
            "region": "ap-northeast-2",
            "replication_configuration": [],
            "request_payer": "BucketOwner",
            "server_side_encryption_configuration": [
              {
                "rule": [
                  {
                    "apply_server_side_encryption_by_default": [
                      {
                        "kms_master_key_id": "",
                        "sse_algorithm": "AES256"
                      }
                    ],
                    "bucket_key_enabled": false
                  }
                ]
              }
            ],
            "tags": {},
            "tags_all": {},
            "timeouts": null,
            "versioning": [
              {
                "enabled": false,
                "mfa_delete": false
              }
            ],
            "website": [],
            "website_domain": null,
            "website_endpoint": null
          },
          "sensitive_attributes": [],
          "identity_schema_version": 0,
          "private": "eyJlMmJmYjczMC1lY2FhLTExZTYtOGY4OC0zNDM2M2JjN2M0YzAiOnsiY3JlYXRlIjoxMjAwMDAwMDAwMDAwLCJkZWxldGUiOjM2MDAwMDAwMDAwMDAsInJlYWQiOjEyMDAwMDAwMDAwMDAsInVwZGF0ZSI6MTIwMDAwMDAwMDAwMH19"
        }
      ]
    },
    {
      "module": "module.storage",
      "mode": "managed",
      "type": "aws_s3_bucket",
      "name": "cine_catch_image",
      "provider": "provider[\"registry.terraform.io/hashicorp/aws\"]",
      "instances": [
        {
          "schema_version": 0,
          "attributes": {
            "acceleration_status": "",
            "acl": null,
            "arn": "arn:aws:s3:::cine-catch-image",
            "bucket": "cine-catch-image",
            "bucket_domain_name": "cine-catch-image.s3.amazonaws.com",
            "bucket_prefix": "",
            "bucket_regional_domain_name": "cine-catch-image.s3.ap-northeast-2.amazonaws.com",
            "cors_rule": [],
            "force_destroy": null,
            "grant": [
              {
                "id": "c94623da1c79de310fecba96d0413d69e719d2c4de5e8d14aa9b476e344b7183",
                "permissions": [
                  "FULL_CONTROL"
                ],
                "type": "CanonicalUser",
                "uri": ""
              }
            ],
            "hosted_zone_id": "Z3W03O7B5YMIYP",
            "id": "cine-catch-image",
            "lifecycle_rule": [],
            "logging": [],
            "object_lock_configuration": [],
            "object_lock_enabled": false,
            "policy": "{\"Statement\":[{\"Action\":\"s3:GetObject\",\"Effect\":\"Allow\",\"Principal\":\"*\",\"Resource\":\"arn:aws:s3:::cine-catch-image/*\",\"Sid\":\"PublicReadGetObject\"}],\"Version\":\"2012-10-17\"}",
            "region": "ap-northeast-2",
            "replication_configuration": [],
            "request_payer": "BucketOwner",
            "server_side_encryption_configuration": [
              {
                "rule": [
                  {
                    "apply_server_side_encryption_by_default": [
                      {
                        "kms_master_key_id": "",
                        "sse_algorithm": "AES256"
                      }
                    ],
                    "bucket_key_enabled": true
                  }
                ]
              }
            ],
            "tags": {},
            "tags_all": {},
            "timeouts": null,
            "versioning": [
              {
                "enabled": false,
                "mfa_delete": false
              }
            ],
            "website": [],
            "website_domain": null,
            "website_endpoint": null
          },
          "sensitive_attributes": [],
          "identity_schema_version": 0,
          "private": "eyJlMmJmYjczMC1lY2FhLTExZTYtOGY4OC0zNDM2M2JjN2M0YzAiOnsiY3JlYXRlIjoxMjAwMDAwMDAwMDAwLCJkZWxldGUiOjM2MDAwMDAwMDAwMDAsInJlYWQiOjEyMDAwMDAwMDAwMDAsInVwZGF0ZSI6MTIwMDAwMDAwMDAwMH0sInNjaGVtYV92ZXJzaW9uIjoiMCJ9"
        }
      ]
    },
    {
      "module": "module.storage",
      "mode": "managed",
      "type": "aws_security_group",
      "name": "db_sg",
      "provider": "provider[\"registry.terraform.io/hashicorp/aws\"]",
      "instances": [
        {
          "schema_version": 1,
          "attributes": {
            "arn": "arn:aws:ec2:ap-northeast-2:633309913072:security-group/sg-0775034bbb81e80c9",
            "description": "Managed by Terraform",
            "egress": [
              {
                "cidr_blocks": [
                  "0.0.0.0/0"
                ],
                "description": "",
                "from_port": 0,
                "ipv6_cidr_blocks": [],
                "prefix_list_ids": [],
                "protocol": "-1",
                "security_groups": [],
                "self": false,
                "to_port": 0
              }
            ],
            "id": "sg-0775034bbb81e80c9",
            "ingress": [
              {
                "cidr_blocks": [
                  "10.0.0.0/16"
                ],
                "description": "",
                "from_port": 5432,
                "ipv6_cidr_blocks": [],
                "prefix_list_ids": [],
                "protocol": "tcp",
                "security_groups": [],
                "self": false,
                "to_port": 5432
              }
            ],
            "name": "cine-catch-db-sg",
            "name_prefix": "",
            "owner_id": "633309913072",
            "revoke_rules_on_delete": false,
            "tags": {},
            "tags_all": {},
            "timeouts": null,
            "vpc_id": "vpc-0e2330811ddc5348e"
          },
          "sensitive_attributes": [],
          "identity_schema_version": 0,
          "private": "eyJlMmJmYjczMC1lY2FhLTExZTYtOGY4OC0zNDM2M2JjN2M0YzAiOnsiY3JlYXRlIjo2MDAwMDAwMDAwMDAsImRlbGV0ZSI6OTAwMDAwMDAwMDAwfSwic2NoZW1hX3ZlcnNpb24iOiIxIn0=",
          "dependencies": [
            "module.vpc.aws_vpc.main"
          ]
        }
      ]
    },
    {
      "module": "module.vpc",
      "mode": "data",
      "type": "aws_availability_zones",
      "name": "available",
      "provider": "provider[\"registry.terraform.io/hashicorp/aws\"]",
      "instances": [
        {
          "schema_version": 0,
          "attributes": {
            "all_availability_zones": null,
            "exclude_names": null,
            "exclude_zone_ids": null,
            "filter": null,
            "group_names": [
              "ap-northeast-2-zg-1"
            ],
            "id": "ap-northeast-2",
            "names": [
              "ap-northeast-2a",
              "ap-northeast-2b",
              "ap-northeast-2c",
              "ap-northeast-2d"
            ],
            "state": null,
            "timeouts": null,
            "zone_ids": [
              "apne2-az1",
              "apne2-az2",
              "apne2-az3",
              "apne2-az4"
            ]
          },
          "sensitive_attributes": [],
          "identity_schema_version": 0
        }
      ]
    },
    {
      "module": "module.vpc",
      "mode": "managed",
      "type": "aws_internet_gateway",
      "name": "igw",
      "provider": "provider[\"registry.terraform.io/hashicorp/aws\"]",
      "instances": [
        {
          "schema_version": 0,
          "attributes": {
            "arn": "arn:aws:ec2:ap-northeast-2:633309913072:internet-gateway/igw-0e88f77f1841d66f7",
            "id": "igw-0e88f77f1841d66f7",
            "owner_id": "633309913072",
            "tags": {},
            "tags_all": {},
            "timeouts": null,
            "vpc_id": "vpc-0e2330811ddc5348e"
          },
          "sensitive_attributes": [],
          "identity_schema_version": 0,
          "private": "eyJlMmJmYjczMC1lY2FhLTExZTYtOGY4OC0zNDM2M2JjN2M0YzAiOnsiY3JlYXRlIjoxMjAwMDAwMDAwMDAwLCJkZWxldGUiOjEyMDAwMDAwMDAwMDAsInVwZGF0ZSI6MTIwMDAwMDAwMDAwMH19",
          "dependencies": [
            "module.vpc.aws_vpc.main"
          ]
        }
      ]
    },
    {
      "module": "module.vpc",
      "mode": "managed",
      "type": "aws_route_table",
      "name": "public",
      "provider": "provider[\"registry.terraform.io/hashicorp/aws\"]",
      "instances": [
        {
          "schema_version": 0,
          "attributes": {
            "arn": "arn:aws:ec2:ap-northeast-2:633309913072:route-table/rtb-0c0e87bf4b3ca3cef",
            "id": "rtb-0c0e87bf4b3ca3cef",
            "owner_id": "633309913072",
            "propagating_vgws": [],
            "route": [
              {
                "carrier_gateway_id": "",
                "cidr_block": "0.0.0.0/0",
                "core_network_arn": "",
                "destination_prefix_list_id": "",
                "egress_only_gateway_id": "",
                "gateway_id": "igw-0e88f77f1841d66f7",
                "ipv6_cidr_block": "",
                "local_gateway_id": "",
                "nat_gateway_id": "",
                "network_interface_id": "",
                "transit_gateway_id": "",
                "vpc_endpoint_id": "",
                "vpc_peering_connection_id": ""
              }
            ],
            "tags": {},
            "tags_all": {},
            "timeouts": null,
            "vpc_id": "vpc-0e2330811ddc5348e"
          },
          "sensitive_attributes": [],
          "identity_schema_version": 0,
          "private": "eyJlMmJmYjczMC1lY2FhLTExZTYtOGY4OC0zNDM2M2JjN2M0YzAiOnsiY3JlYXRlIjozMDAwMDAwMDAwMDAsImRlbGV0ZSI6MzAwMDAwMDAwMDAwLCJ1cGRhdGUiOjEyMDAwMDAwMDAwMH19",
          "dependencies": [
            "module.vpc.aws_internet_gateway.igw",
            "module.vpc.aws_vpc.main"
          ]
        }
      ]
    },
    {
      "module": "module.vpc",
      "mode": "managed",
      "type": "aws_route_table_association",
      "name": "public",
      "provider": "provider[\"registry.terraform.io/hashicorp/aws\"]",
      "instances": [
        {
          "index_key": 0,
          "schema_version": 0,
          "attributes": {
            "gateway_id": "",
            "id": "rtbassoc-0c86192e07b10b3f0",
            "route_table_id": "rtb-0c0e87bf4b3ca3cef",
            "subnet_id": "subnet-05504be344cc66e88",
            "timeouts": null
          },
          "sensitive_attributes": [],
          "identity_schema_version": 0,
          "private": "eyJlMmJmYjczMC1lY2FhLTExZTYtOGY4OC0zNDM2M2JjN2M0YzAiOnsiY3JlYXRlIjozMDAwMDAwMDAwMDAsImRlbGV0ZSI6MzAwMDAwMDAwMDAwLCJ1cGRhdGUiOjEyMDAwMDAwMDAwMH19",
          "dependencies": [
            "module.vpc.aws_internet_gateway.igw",
            "module.vpc.aws_route_table.public",
            "module.vpc.aws_subnet.public",
            "module.vpc.aws_vpc.main",
            "module.vpc.data.aws_availability_zones.available"
          ]
        },
        {
          "index_key": 1,
          "schema_version": 0,
          "attributes": {
            "gateway_id": "",
            "id": "rtbassoc-0f119f4d27c34cb9a",
            "route_table_id": "rtb-0c0e87bf4b3ca3cef",
            "subnet_id": "subnet-0faa9eebfcf2cbb80",
            "timeouts": null
          },
          "sensitive_attributes": [],
          "identity_schema_version": 0,
          "private": "eyJlMmJmYjczMC1lY2FhLTExZTYtOGY4OC0zNDM2M2JjN2M0YzAiOnsiY3JlYXRlIjozMDAwMDAwMDAwMDAsImRlbGV0ZSI6MzAwMDAwMDAwMDAwLCJ1cGRhdGUiOjEyMDAwMDAwMDAwMH19",
          "dependencies": [
            "module.vpc.aws_internet_gateway.igw",
            "module.vpc.aws_route_table.public",
            "module.vpc.aws_subnet.public",
            "module.vpc.aws_vpc.main",
            "module.vpc.data.aws_availability_zones.available"
          ]
        }
      ]
    },
    {
      "module": "module.vpc",
      "mode": "managed",
      "type": "aws_subnet",
      "name": "private",
      "provider": "provider[\"registry.terraform.io/hashicorp/aws\"]",
      "instances": [
        {
          "index_key": 0,
          "schema_version": 1,
          "attributes": {
            "arn": "arn:aws:ec2:ap-northeast-2:633309913072:subnet/subnet-0e06d8473488c3933",
            "assign_ipv6_address_on_creation": false,
            "availability_zone": "ap-northeast-2a",
            "availability_zone_id": "apne2-az1",
            "cidr_block": "10.0.10.0/24",
            "customer_owned_ipv4_pool": "",
            "enable_dns64": false,
            "enable_lni_at_device_index": 0,
            "enable_resource_name_dns_a_record_on_launch": false,
            "enable_resource_name_dns_aaaa_record_on_launch": false,
            "id": "subnet-0e06d8473488c3933",
            "ipv6_cidr_block": "",
            "ipv6_cidr_block_association_id": "",
            "ipv6_native": false,
            "map_customer_owned_ip_on_launch": false,
            "map_public_ip_on_launch": false,
            "outpost_arn": "",
            "owner_id": "633309913072",
            "private_dns_hostname_type_on_launch": "ip-name",
            "tags": {
              "Name": "cine-catch-private-0"
            },
            "tags_all": {
              "Name": "cine-catch-private-0"
            },
            "timeouts": null,
            "vpc_id": "vpc-0e2330811ddc5348e"
          },
          "sensitive_attributes": [],
          "identity_schema_version": 0,
          "private": "eyJlMmJmYjczMC1lY2FhLTExZTYtOGY4OC0zNDM2M2JjN2M0YzAiOnsiY3JlYXRlIjo2MDAwMDAwMDAwMDAsImRlbGV0ZSI6MTIwMDAwMDAwMDAwMH0sInNjaGVtYV92ZXJzaW9uIjoiMSJ9",
          "dependencies": [
            "module.vpc.aws_vpc.main",
            "module.vpc.data.aws_availability_zones.available"
          ]
        },
        {
          "index_key": 1,
          "schema_version": 1,
          "attributes": {
            "arn": "arn:aws:ec2:ap-northeast-2:633309913072:subnet/subnet-0be8a812e8b269c64",
            "assign_ipv6_address_on_creation": false,
            "availability_zone": "ap-northeast-2b",
            "availability_zone_id": "apne2-az2",
            "cidr_block": "10.0.11.0/24",
            "customer_owned_ipv4_pool": "",
            "enable_dns64": false,
            "enable_lni_at_device_index": 0,
            "enable_resource_name_dns_a_record_on_launch": false,
            "enable_resource_name_dns_aaaa_record_on_launch": false,
            "id": "subnet-0be8a812e8b269c64",
            "ipv6_cidr_block": "",
            "ipv6_cidr_block_association_id": "",
            "ipv6_native": false,
            "map_customer_owned_ip_on_launch": false,
            "map_public_ip_on_launch": false,
            "outpost_arn": "",
            "owner_id": "633309913072",
            "private_dns_hostname_type_on_launch": "ip-name",
            "tags": {
              "Name": "cine-catch-private-1"
            },
            "tags_all": {
              "Name": "cine-catch-private-1"
            },
            "timeouts": null,
            "vpc_id": "vpc-0e2330811ddc5348e"
          },
          "sensitive_attributes": [],
          "identity_schema_version": 0,
          "private": "eyJlMmJmYjczMC1lY2FhLTExZTYtOGY4OC0zNDM2M2JjN2M0YzAiOnsiY3JlYXRlIjo2MDAwMDAwMDAwMDAsImRlbGV0ZSI6MTIwMDAwMDAwMDAwMH0sInNjaGVtYV92ZXJzaW9uIjoiMSJ9",
          "dependencies": [
            "module.vpc.aws_vpc.main",
            "module.vpc.data.aws_availability_zones.available"
          ]
        }
      ]
    },
    {
      "module": "module.vpc",
      "mode": "managed",
      "type": "aws_subnet",
      "name": "public",
      "provider": "provider[\"registry.terraform.io/hashicorp/aws\"]",
      "instances": [
        {
          "index_key": 0,
          "schema_version": 1,
          "attributes": {
            "arn": "arn:aws:ec2:ap-northeast-2:633309913072:subnet/subnet-05504be344cc66e88",
            "assign_ipv6_address_on_creation": false,
            "availability_zone": "ap-northeast-2a",
            "availability_zone_id": "apne2-az1",
            "cidr_block": "10.0.0.0/24",
            "customer_owned_ipv4_pool": "",
            "enable_dns64": false,
            "enable_lni_at_device_index": 0,
            "enable_resource_name_dns_a_record_on_launch": false,
            "enable_resource_name_dns_aaaa_record_on_launch": false,
            "id": "subnet-05504be344cc66e88",
            "ipv6_cidr_block": "",
            "ipv6_cidr_block_association_id": "",
            "ipv6_native": false,
            "map_customer_owned_ip_on_launch": false,
            "map_public_ip_on_launch": true,
            "outpost_arn": "",
            "owner_id": "633309913072",
            "private_dns_hostname_type_on_launch": "ip-name",
            "tags": {
              "Name": "cine-catch-public-0"
            },
            "tags_all": {
              "Name": "cine-catch-public-0"
            },
            "timeouts": null,
            "vpc_id": "vpc-0e2330811ddc5348e"
          },
          "sensitive_attributes": [],
          "identity_schema_version": 0,
          "private": "eyJlMmJmYjczMC1lY2FhLTExZTYtOGY4OC0zNDM2M2JjN2M0YzAiOnsiY3JlYXRlIjo2MDAwMDAwMDAwMDAsImRlbGV0ZSI6MTIwMDAwMDAwMDAwMH0sInNjaGVtYV92ZXJzaW9uIjoiMSJ9",
          "dependencies": [
            "module.vpc.aws_vpc.main",
            "module.vpc.data.aws_availability_zones.available"
          ]
        },
        {
          "index_key": 1,
          "schema_version": 1,
          "attributes": {
            "arn": "arn:aws:ec2:ap-northeast-2:633309913072:subnet/subnet-0faa9eebfcf2cbb80",
            "assign_ipv6_address_on_creation": false,
            "availability_zone": "ap-northeast-2b",
            "availability_zone_id": "apne2-az2",
            "cidr_block": "10.0.1.0/24",
            "customer_owned_ipv4_pool": "",
            "enable_dns64": false,
            "enable_lni_at_device_index": 0,
            "enable_resource_name_dns_a_record_on_launch": false,
            "enable_resource_name_dns_aaaa_record_on_launch": false,
            "id": "subnet-0faa9eebfcf2cbb80",
            "ipv6_cidr_block": "",
            "ipv6_cidr_block_association_id": "",
            "ipv6_native": false,
            "map_customer_owned_ip_on_launch": false,
            "map_public_ip_on_launch": true,
            "outpost_arn": "",
            "owner_id": "633309913072",
            "private_dns_hostname_type_on_launch": "ip-name",
            "tags": {
              "Name": "cine-catch-public-1"
            },
            "tags_all": {
              "Name": "cine-catch-public-1"
            },
            "timeouts": null,
            "vpc_id": "vpc-0e2330811ddc5348e"
          },
          "sensitive_attributes": [],
          "identity_schema_version": 0,
          "private": "eyJlMmJmYjczMC1lY2FhLTExZTYtOGY4OC0zNDM2M2JjN2M0YzAiOnsiY3JlYXRlIjo2MDAwMDAwMDAwMDAsImRlbGV0ZSI6MTIwMDAwMDAwMDAwMH0sInNjaGVtYV92ZXJzaW9uIjoiMSJ9",
          "dependencies": [
            "module.vpc.aws_vpc.main",
            "module.vpc.data.aws_availability_zones.available"
          ]
        }
      ]
    },
    {
      "module": "module.vpc",
      "mode": "managed",
      "type": "aws_vpc",
      "name": "main",
      "provider": "provider[\"registry.terraform.io/hashicorp/aws\"]",
      "instances": [
        {
          "schema_version": 1,
          "attributes": {
            "arn": "arn:aws:ec2:ap-northeast-2:633309913072:vpc/vpc-0e2330811ddc5348e",
            "assign_generated_ipv6_cidr_block": false,
            "cidr_block": "10.0.0.0/16",
            "default_network_acl_id": "acl-0159e92c7353f4613",
            "default_route_table_id": "rtb-0d346561e8e67d302",
            "default_security_group_id": "sg-0d8d7c9ab052c24f2",
            "dhcp_options_id": "dopt-02326522ac8f9135b",
            "enable_dns_hostnames": true,
            "enable_dns_support": true,
            "enable_network_address_usage_metrics": false,
            "id": "vpc-0e2330811ddc5348e",
            "instance_tenancy": "default",
            "ipv4_ipam_pool_id": null,
            "ipv4_netmask_length": null,
            "ipv6_association_id": "",
            "ipv6_cidr_block": "",
            "ipv6_cidr_block_network_border_group": "",
            "ipv6_ipam_pool_id": "",
            "ipv6_netmask_length": 0,
            "main_route_table_id": "rtb-0d346561e8e67d302",
            "owner_id": "633309913072",
            "tags": {
              "Name": "cine-catch-vpc"
            },
            "tags_all": {
              "Name": "cine-catch-vpc"
            }
          },
          "sensitive_attributes": [],
          "identity_schema_version": 0,
          "private": "eyJzY2hlbWFfdmVyc2lvbiI6IjEifQ=="
        }
      ]
    }
  ],
  "check_results": null
}
